
Microsoft Visual Studio Solution File, Format Version 12.00
# Visual Studio Version 16
VisualStudioVersion = 16.0.29728.190
MinimumVisualStudioVersion = 10.0.40219.1
Project("{FAE04EC0-301F-11D3-BF4B-00C04F79EFBC}") = "ReactLogin", "ReactLogin\ReactLogin.csproj", "{24D74643-74D6-4F52-AF79-25AA4D6CF578}"
EndProject
Global
	GlobalSection(SolutionConfigurationPlatforms) = preSolution
		Debug|Any CPU = Debug|Any CPU
		Release|Any CPU = Release|Any CPU
	EndGlobalSection
	GlobalSection(ProjectConfigurationPlatforms) = postSolution
		{24D74643-74D6-4F52-AF79-25AA4D6CF578}.Debug|Any CPU.ActiveCfg = Debug|Any CPU
		{24D74643-74D6-4F52-AF79-25AA4D6CF578}.Debug|Any CPU.Build.0 = Debug|Any CPU
		{24D74643-74D6-4F52-AF79-25AA4D6CF578}.Release|Any CPU.ActiveCfg = Release|Any CPU
		{24D74643-74D6-4F52-AF79-25AA4D6CF578}.Release|Any CPU.Build.0 = Release|Any CPU
	EndGlobalSection
	GlobalSection(SolutionProperties) = preSolution
		HideSolutionNode = FALSE
	EndGlobalSection
	GlobalSection(ExtensibilityGlobals) = postSolution
		SolutionGuid = {FEBC43B8-759B-4586-A8CA-3DD286B4F516}
	EndGlobalSection
EndGlobal
