
Microsoft Visual Studio Solution File, Format Version 12.00
# Visual Studio Version 16
VisualStudioVersion = 16.0.29728.190
MinimumVisualStudioVersion = 10.0.40219.1
Project("{FAE04EC0-301F-11D3-BF4B-00C04F79EFBC}") = "spApiBaseApplication", "spApiBaseApplication\spApiBaseApplication.csproj", "{B0B1FC9F-33B8-4A15-AB8D-828C3F435C96}"
EndProject
Global
	GlobalSection(SolutionConfigurationPlatforms) = preSolution
		Debug|Any CPU = Debug|Any CPU
		Release|Any CPU = Release|Any CPU
	EndGlobalSection
	GlobalSection(ProjectConfigurationPlatforms) = postSolution
		{B0B1FC9F-33B8-4A15-AB8D-828C3F435C96}.Debug|Any CPU.ActiveCfg = Debug|Any CPU
		{B0B1FC9F-33B8-4A15-AB8D-828C3F435C96}.Debug|Any CPU.Build.0 = Debug|Any CPU
		{B0B1FC9F-33B8-4A15-AB8D-828C3F435C96}.Release|Any CPU.ActiveCfg = Release|Any CPU
		{B0B1FC9F-33B8-4A15-AB8D-828C3F435C96}.Release|Any CPU.Build.0 = Release|Any CPU
	EndGlobalSection
	GlobalSection(SolutionProperties) = preSolution
		HideSolutionNode = FALSE
	EndGlobalSection
	GlobalSection(ExtensibilityGlobals) = postSolution
		SolutionGuid = {FCA17BBE-CF78-4F47-AF73-3E1C3157A201}
	EndGlobalSection
EndGlobal
